
Microsoft Visual Studio Solution File, Format Version 12.00
# Visual Studio 15
VisualStudioVersion = 15.0.28307.271
MinimumVisualStudioVersion = 10.0.40219.1
Project("{FAE04EC0-301F-11D3-BF4B-00C04F79EFBC}") = "Webtooling", "Webtooling\Webtooling.csproj", "{908D5B17-626A-4823-BD99-4AC6D3647863}"
EndProject
Global
	GlobalSection(SolutionConfigurationPlatforms) = preSolution
		Debug|Any CPU = Debug|Any CPU
		Release|Any CPU = Release|Any CPU
	EndGlobalSection
	GlobalSection(ProjectConfigurationPlatforms) = postSolution
		{908D5B17-626A-4823-BD99-4AC6D3647863}.Debug|Any CPU.ActiveCfg = Debug|Any CPU
		{908D5B17-626A-4823-BD99-4AC6D3647863}.Debug|Any CPU.Build.0 = Debug|Any CPU
		{908D5B17-626A-4823-BD99-4AC6D3647863}.Release|Any CPU.ActiveCfg = Release|Any CPU
		{908D5B17-626A-4823-BD99-4AC6D3647863}.Release|Any CPU.Build.0 = Release|Any CPU
	EndGlobalSection
	GlobalSection(SolutionProperties) = preSolution
		HideSolutionNode = FALSE
	EndGlobalSection
	GlobalSection(ExtensibilityGlobals) = postSolution
		SolutionGuid = {166CB092-3114-4B33-B14B-A11410EBE4C8}
	EndGlobalSection
EndGlobal
